# Bundled module versions and the source hash each was cut from.
# Checked by rs/crates/core/tests/module_versions.rs; regenerate with
# AVADA_UPDATE_MODULE_VERSIONS=1 cargo test -p avada-core --test module_versions
bshuler/avada-datatree 0.1.0 978aa8d2ef7d5b998a064a49afcb79afbdef08c42a6e05dea8bd52209e161d58
bshuler/avada-editor 0.1.0 1c1c563dddfafe4db170ed8fc30dbb4bd32f9c6de19a4745ea512de155694907
bshuler/avada-files 0.1.0 43db6aa9ba0b7651aa73c6e41dde87605465cb6b8b5725dec5ca6d89c314f186
bshuler/avada-git 0.1.0 131dd82e7c862676fc6015f08b52978955e2acb98a140f7e388df0747f3d378e
bshuler/avada-hyperpane 0.1.0 e3b4e4a0ac96872ec09bb5901a75e49fdab8aae75afa794e3f0afe34d199f8c0
bshuler/avada-image 0.1.0 5dd1bbc5b38867eb7de1dfa14d0e95833bcb0e48ee9e5c8b70070328915f184f
bshuler/avada-markdown 0.1.0 0294a5bceed4ee62bc9bba696b54e6bbb8caf1878e60242dfb0f6af0992756a6
bshuler/avada-marketplace 0.2.1 fb0f028008b45e48d5a56297e90ec14340388e5224b80e7e32d1b259b8e54dad
bshuler/avada-table 0.1.0 139bac02c22214986ee012ccf185b1f2a7f152112426385487bb25f4ea4aee0d
bshuler/avada-tools 0.1.1 836631d6f08113c11dcd03437a6e7a9fba33e7023af1e402ac284b60bea5d0ee
bshuler/avada-workspace 0.1.0 ffff770d8c47c30ad91e017ab849f8b981c524e1e3e2404543baa21542748c49
